// !$*UTF8*$!
{
	archiveVersion = 1;
	classes = {
	};
	objectVersion = 50;
	objects = {

/* Begin PBXBuildFile section */
		DF4B58E0211E21E700598461 /* AppDelegate.swift in Sources */ = {isa = PBXBuildFile; fileRef = DF4B58DF211E21E700598461 /* AppDelegate.swift */; };
		DF4B58E2211E21E700598461 /* ViewController.swift in Sources */ = {isa = PBXBuildFile; fileRef = DF4B58E1211E21E700598461 /* ViewController.swift */; };
		DF4B58E5211E21E700598461 /* Main.storyboard in Resources */ = {isa = PBXBuildFile; fileRef = DF4B58E3211E21E700598461 /* Main.storyboard */; };
		DF4B58E7211E21E900598461 /* Assets.xcassets in Resources */ = {isa = PBXBuildFile; fileRef = DF4B58E6211E21E900598461 /* Assets.xcassets */; };
		DF4B58EA211E21E900598461 /* LaunchScreen.storyboard in Resources */ = {isa = PBXBuildFile; fileRef = DF4B58E8211E21E900598461 /* LaunchScreen.storyboard */; };
		DF4B58F9211E227C00598461 /* note5.wav in Resources */ = {isa = PBXBuildFile; fileRef = DF4B58F2211E227C00598461 /* note5.wav */; };
		DF4B58FA211E227C00598461 /* note6.wav in Resources */ = {isa = PBXBuildFile; fileRef = DF4B58F3211E227C00598461 /* note6.wav */; };
		DF4B58FB211E227C00598461 /* note4.wav in Resources */ = {isa = PBXBuildFile; fileRef = DF4B58F4211E227C00598461 /* note4.wav */; };
		DF4B58FC211E227C00598461 /* note7.wav in Resources */ = {isa = PBXBuildFile; fileRef = DF4B58F5211E227C00598461 /* note7.wav */; };
		DF4B58FD211E227C00598461 /* note2.wav in Resources */ = {isa = PBXBuildFile; fileRef = DF4B58F6211E227C00598461 /* note2.wav */; };
		DF4B58FE211E227C00598461 /* note3.wav in Resources */ = {isa = PBXBuildFile; fileRef = DF4B58F7211E227C00598461 /* note3.wav */; };
		DF4B58FF211E227C00598461 /* note1.wav in Resources */ = {isa = PBXBuildFile; fileRef = DF4B58F8211E227C00598461 /* note1.wav */; };
/* End PBXBuildFile section */

/* Begin PBXFileReference section */
		DF4B58DC211E21E700598461 /* Music.app */ = {isa = PBXFileReference; explicitFileType = wrapper.application; includeInIndex = 0; path = Music.app; sourceTree = BUILT_PRODUCTS_DIR; };
		DF4B58DF211E21E700598461 /* AppDelegate.swift */ = {isa = PBXFileReference; lastKnownFileType = sourcecode.swift; path = AppDelegate.swift; sourceTree = "<group>"; };
		DF4B58E1211E21E700598461 /* ViewController.swift */ = {isa = PBXFileReference; lastKnownFileType = sourcecode.swift; path = ViewController.swift; sourceTree = "<group>"; };
		DF4B58E4211E21E700598461 /* Base */ = {isa = PBXFileReference; lastKnownFileType = file.storyboard; name = Base; path = Base.lproj/Main.storyboard; sourceTree = "<group>"; };
		DF4B58E6211E21E900598461 /* Assets.xcassets */ = {isa = PBXFileReference; lastKnownFileType = folder.assetcatalog; path = Assets.xcassets; sourceTree = "<group>"; };
		DF4B58E9211E21E900598461 /* Base */ = {isa = PBXFileReference; lastKnownFileType = file.storyboard; name = Base; path = Base.lproj/LaunchScreen.storyboard; sourceTree = "<group>"; };
		DF4B58EB211E21E900598461 /* Info.plist */ = {isa = PBXFileReference; lastKnownFileType = text.plist.xml; path = Info.plist; sourceTree = "<group>"; };
		DF4B58F2211E227C00598461 /* note5.wav */ = {isa = PBXFileReference; lastKnownFileType = audio.wav; path = note5.wav; sourceTree = "<group>"; };
		DF4B58F3211E227C00598461 /* note6.wav */ = {isa = PBXFileReference; lastKnownFileType = audio.wav; path = note6.wav; sourceTree = "<group>"; };
		DF4B58F4211E227C00598461 /* note4.wav */ = {isa = PBXFileReference; lastKnownFileType = audio.wav; path = note4.wav; sourceTree = "<group>"; };
		DF4B58F5211E227C00598461 /* note7.wav */ = {isa = PBXFileReference; lastKnownFileType = audio.wav; path = note7.wav; sourceTree = "<group>"; };
		DF4B58F6211E227C00598461 /* note2.wav */ = {isa = PBXFileReference; lastKnownFileType = audio.wav; path = note2.wav; sourceTree = "<group>"; };
		DF4B58F7211E227C00598461 /* note3.wav */ = {isa = PBXFileReference; lastKnownFileType = audio.wav; path = note3.wav; sourceTree = "<group>"; };
		DF4B58F8211E227C00598461 /* note1.wav */ = {isa = PBXFileReference; lastKnownFileType = audio.wav; path = note1.wav; sourceTree = "<group>"; };
/* End PBXFileReference section */

/* Begin PBXFrameworksBuildPhase section */
		DF4B58D9211E21E700598461 /* Frameworks */ = {
			isa = PBXFrameworksBuildPhase;
			buildActionMask = 2147483647;
			files = (
			);
			runOnlyForDeploymentPostprocessing = 0;
		};
/* End PBXFrameworksBuildPhase section */

/* Begin PBXGroup section */
		DF4B58D3211E21E700598461 = {
			isa = PBXGroup;
			children = (
				DF4B58DE211E21E700598461 /* Music */,
				DF4B58DD211E21E700598461 /* Products */,
			);
			sourceTree = "<group>";
		};
		DF4B58DD211E21E700598461 /* Products */ = {
			isa = PBXGroup;
			children = (
				DF4B58DC211E21E700598461 /* Music.app */,
			);
			name = Products;
			sourceTree = "<group>";
		};
		DF4B58DE211E21E700598461 /* Music */ = {
			isa = PBXGroup;
			children = (
				DF4B58F1211E226B00598461 /* Sounds */,
				DF4B58DF211E21E700598461 /* AppDelegate.swift */,
				DF4B58E1211E21E700598461 /* ViewController.swift */,
				DF4B58E3211E21E700598461 /* Main.storyboard */,
				DF4B58E6211E21E900598461 /* Assets.xcassets */,
				DF4B58E8211E21E900598461 /* LaunchScreen.storyboard */,
				DF4B58EB211E21E900598461 /* Info.plist */,
			);
			path = Music;
			sourceTree = "<group>";
		};
		DF4B58F1211E226B00598461 /* Sounds */ = {
			isa = PBXGroup;
			children = (
				DF4B58F8211E227C00598461 /* note1.wav */,
				DF4B58F6211E227C00598461 /* note2.wav */,
				DF4B58F7211E227C00598461 /* note3.wav */,
				DF4B58F4211E227C00598461 /* note4.wav */,
				DF4B58F2211E227C00598461 /* note5.wav */,
				DF4B58F3211E227C00598461 /* note6.wav */,
				DF4B58F5211E227C00598461 /* note7.wav */,
			);
			path = Sounds;
			sourceTree = "<group>";
		};
/* End PBXGroup section */

/* Begin PBXNativeTarget section */
		DF4B58DB211E21E700598461 /* Music */ = {
			isa = PBXNativeTarget;
			buildConfigurationList = DF4B58EE211E21E900598461 /* Build configuration list for PBXNativeTarget "Music" */;
			buildPhases = (
				DF4B58D8211E21E700598461 /* Sources */,
				DF4B58D9211E21E700598461 /* Frameworks */,
				DF4B58DA211E21E700598461 /* Resources */,
			);
			buildRules = (
			);
			dependencies = (
			);
			name = Music;
			productName = Music;
			productReference = DF4B58DC211E21E700598461 /* Music.app */;
			productType = "com.apple.product-type.application";
		};
/* End PBXNativeTarget section */

/* Begin PBXProject section */
		DF4B58D4211E21E700598461 /* Project object */ = {
			isa = PBXProject;
			attributes = {
				LastSwiftUpdateCheck = 0940;
				LastUpgradeCheck = 0940;
				ORGANIZATIONNAME = andytb;
				TargetAttributes = {
					DF4B58DB211E21E700598461 = {
						CreatedOnToolsVersion = 9.4.1;
					};
				};
			};
			buildConfigurationList = DF4B58D7211E21E700598461 /* Build configuration list for PBXProject "Music" */;
			compatibilityVersion = "Xcode 9.3";
			developmentRegion = en;
			hasScannedForEncodings = 0;
			knownRegions = (
				en,
				Base,
			);
			mainGroup = DF4B58D3211E21E700598461;
			productRefGroup = DF4B58DD211E21E700598461 /* Products */;
			projectDirPath = "";
			projectRoot = "";
			targets = (
				DF4B58DB211E21E700598461 /* Music */,
			);
		};
/* End PBXProject section */

/* Begin PBXResourcesBuildPhase section */
		DF4B58DA211E21E700598461 /* Resources */ = {
			isa = PBXResourcesBuildPhase;
			buildActionMask = 2147483647;
			files = (
				DF4B58FE211E227C00598461 /* note3.wav in Resources */,
				DF4B58FC211E227C00598461 /* note7.wav in Resources */,
				DF4B58F9211E227C00598461 /* note5.wav in Resources */,
				DF4B58EA211E21E900598461 /* LaunchScreen.storyboard in Resources */,
				DF4B58E7211E21E900598461 /* Assets.xcassets in Resources */,
				DF4B58FB211E227C00598461 /* note4.wav in Resources */,
				DF4B58FD211E227C00598461 /* note2.wav in Resources */,
				DF4B58FA211E227C00598461 /* note6.wav in Resources */,
				DF4B58FF211E227C00598461 /* note1.wav in Resources */,
				DF4B58E5211E21E700598461 /* Main.storyboard in Resources */,
			);
			runOnlyForDeploymentPostprocessing = 0;
		};
/* End PBXResourcesBuildPhase section */

/* Begin PBXSourcesBuildPhase section */
		DF4B58D8211E21E700598461 /* Sources */ = {
			isa = PBXSourcesBuildPhase;
			buildActionMask = 2147483647;
			files = (
				DF4B58E2211E21E700598461 /* ViewController.swift in Sources */,
				DF4B58E0211E21E700598461 /* AppDelegate.swift in Sources */,
			);
			runOnlyForDeploymentPostprocessing = 0;
		};
/* End PBXSourcesBuildPhase section */

/* Begin PBXVariantGroup section */
		DF4B58E3211E21E700598461 /* Main.storyboard */ = {
			isa = PBXVariantGroup;
			children = (
				DF4B58E4211E21E700598461 /* Base */,
			);
			name = Main.storyboard;
			sourceTree = "<group>";
		};
		DF4B58E8211E21E900598461 /* LaunchScreen.storyboard */ = {
			isa = PBXVariantGroup;
			children = (
				DF4B58E9211E21E900598461 /* Base */,
			);
			name = LaunchScreen.storyboard;
			sourceTree = "<group>";
		};
/* End PBXVariantGroup section */

/* Begin XCBuildConfiguration section */
		DF4B58EC211E21E900598461 /* Debug */ = {
			isa = XCBuildConfiguration;
			buildSettings = {
				ALWAYS_SEARCH_USER_PATHS = NO;
				CLANG_ANALYZER_NONNULL = YES;
				CLANG_ANALYZER_NUMBER_OBJECT_CONVERSION = YES_AGGRESSIVE;
				CLANG_CXX_LANGUAGE_STANDARD = "gnu++14";
				CLANG_CXX_LIBRARY = "libc++";
				CLANG_ENABLE_MODULES = YES;
				CLANG_ENABLE_OBJC_ARC = YES;
				CLANG_ENABLE_OBJC_WEAK = YES;
				CLANG_WARN_BLOCK_CAPTURE_AUTORELEASING = YES;
				CLANG_WARN_BOOL_CONVERSION = YES;
				CLANG_WARN_COMMA = YES;
				CLANG_WARN_CONSTANT_CONVERSION = YES;
				CLANG_WARN_DEPRECATED_OBJC_IMPLEMENTATIONS = YES;
				CLANG_WARN_DIRECT_OBJC_ISA_USAGE = YES_ERROR;
				CLANG_WARN_DOCUMENTATION_COMMENTS = YES;
				CLANG_WARN_EMPTY_BODY = YES;
				CLANG_WARN_ENUM_CONVERSION = YES;
				CLANG_WARN_INFINITE_RECURSION = YES;
				CLANG_WARN_INT_CONVERSION = YES;
				CLANG_WARN_NON_LITERAL_NULL_CONVERSION = YES;
				CLANG_WARN_OBJC_IMPLICIT_RETAIN_SELF = YES;
				CLANG_WARN_OBJC_LITERAL_CONVERSION = YES;
				CLANG_WARN_OBJC_ROOT_CLASS = YES_ERROR;
				CLANG_WARN_RANGE_LOOP_ANALYSIS = YES;
				CLANG_WARN_STRICT_PROTOTYPES = YES;
				CLANG_WARN_SUSPICIOUS_MOVE = YES;
				CLANG_WARN_UNGUARDED_AVAILABILITY = YES_AGGRESSIVE;
				CLANG_WARN_UNREACHABLE_CODE = YES;
				CLANG_WARN__DUPLICATE_METHOD_MATCH = YES;
				CODE_SIGN_IDENTITY = "iPhone Developer";
				COPY_PHASE_STRIP = NO;
				DEBUG_INFORMATION_FORMAT = dwarf;
				ENABLE_STRICT_OBJC_MSGSEND = YES;
				ENABLE_TESTABILITY = YES;
				GCC_C_LANGUAGE_STANDARD = gnu11;
				GCC_DYNAMIC_NO_PIC = NO;
				GCC_NO_COMMON_BLOCKS = YES;
				GCC_OPTIMIZATION_LEVEL = 0;
				GCC_PREPROCESSOR_DEFINITIONS = (
					"DEBUG=1",
					"$(inherited)",
				);
				GCC_WARN_64_TO_32_BIT_CONVERSION = YES;
				GCC_WARN_ABOUT_RETURN_TYPE = YES_ERROR;
				GCC_WARN_UNDECLARED_SELECTOR = YES;
				GCC_WARN_UNINITIALIZED_AUTOS = YES_AGGRESSIVE;
				GCC_WARN_UNUSED_FUNCTION = YES;
				GCC_WARN_UNUSED_VARIABLE = YES;
				IPHONEOS_DEPLOYMENT_TARGET = 11.4;
				MTL_ENABLE_DEBUG_INFO = YES;
				ONLY_ACTIVE_ARCH = YES;
				SDKROOT = iphoneos;
				SWIFT_ACTIVE_COMPILATION_CONDITIONS = DEBUG;
				SWIFT_OPTIMIZATION_LEVEL = "-Onone";
			};
			name = Debug;
		};
		DF4B58ED211E21E900598461 /* Release */ = {
			isa = XCBuildConfiguration;
			buildSettings = {
				ALWAYS_SEARCH_USER_PATHS = NO;
				CLANG_ANALYZER_NONNULL = YES;
				CLANG_ANALYZER_NUMBER_OBJECT_CONVERSION = YES_AGGRESSIVE;
				CLANG_CXX_LANGUAGE_STANDARD = "gnu++14";
				CLANG_CXX_LIBRARY = "libc++";
				CLANG_ENABLE_MODULES = YES;
				CLANG_ENABLE_OBJC_ARC = YES;
				CLANG_ENABLE_OBJC_WEAK = YES;
				CLANG_WARN_BLOCK_CAPTURE_AUTORELEASING = YES;
				CLANG_WARN_BOOL_CONVERSION = YES;
				CLANG_WARN_COMMA = YES;
				CLANG_WARN_CONSTANT_CONVERSION = YES;
				CLANG_WARN_DEPRECATED_OBJC_IMPLEMENTATIONS = YES;
				CLANG_WARN_DIRECT_OBJC_ISA_USAGE = YES_ERROR;
				CLANG_WARN_DOCUMENTATION_COMMENTS = YES;
				CLANG_WARN_EMPTY_BODY = YES;
				CLANG_WARN_ENUM_CONVERSION = YES;
				CLANG_WARN_INFINITE_RECURSION = YES;
				CLANG_WARN_INT_CONVERSION = YES;
				CLANG_WARN_NON_LITERAL_NULL_CONVERSION = YES;
				CLANG_WARN_OBJC_IMPLICIT_RETAIN_SELF = YES;
				CLANG_WARN_OBJC_LITERAL_CONVERSION = YES;
				CLANG_WARN_OBJC_ROOT_CLASS = YES_ERROR;
				CLANG_WARN_RANGE_LOOP_ANALYSIS = YES;
				CLANG_WARN_STRICT_PROTOTYPES = YES;
				CLANG_WARN_SUSPICIOUS_MOVE = YES;
				CLANG_WARN_UNGUARDED_AVAILABILITY = YES_AGGRESSIVE;
				CLANG_WARN_UNREACHABLE_CODE = YES;
				CLANG_WARN__DUPLICATE_METHOD_MATCH = YES;
				CODE_SIGN_IDENTITY = "iPhone Developer";
				COPY_PHASE_STRIP = NO;
				DEBUG_INFORMATION_FORMAT = "dwarf-with-dsym";
				ENABLE_NS_ASSERTIONS = NO;
				ENABLE_STRICT_OBJC_MSGSEND = YES;
				GCC_C_LANGUAGE_STANDARD = gnu11;
				GCC_NO_COMMON_BLOCKS = YES;
				GCC_WARN_64_TO_32_BIT_CONVERSION = YES;
				GCC_WARN_ABOUT_RETURN_TYPE = YES_ERROR;
				GCC_WARN_UNDECLARED_SELECTOR = YES;
				GCC_WARN_UNINITIALIZED_AUTOS = YES_AGGRESSIVE;
				GCC_WARN_UNUSED_FUNCTION = YES;
				GCC_WARN_UNUSED_VARIABLE = YES;
				IPHONEOS_DEPLOYMENT_TARGET = 11.4;
				MTL_ENABLE_DEBUG_INFO = NO;
				SDKROOT = iphoneos;
				SWIFT_COMPILATION_MODE = wholemodule;
				SWIFT_OPTIMIZATION_LEVEL = "-O";
				VALIDATE_PRODUCT = YES;
			};
			name = Release;
		};
		DF4B58EF211E21E900598461 /* Debug */ = {
			isa = XCBuildConfiguration;
			buildSettings = {
				ASSETCATALOG_COMPILER_APPICON_NAME = AppIcon;
				CODE_SIGN_STYLE = Automatic;
				DEVELOPMENT_TEAM = U4HT32PMXG;
				INFOPLIST_FILE = Music/Info.plist;
				LD_RUNPATH_SEARCH_PATHS = (
					"$(inherited)",
					"@executable_path/Frameworks",
				);
				PRODUCT_BUNDLE_IDENTIFIER = com.andytb.Music;
				PRODUCT_NAME = "$(TARGET_NAME)";
				SWIFT_VERSION = 4.0;
				TARGETED_DEVICE_FAMILY = "1,2";
			};
			name = Debug;
		};
		DF4B58F0211E21E900598461 /* Release */ = {
			isa = XCBuildConfiguration;
			buildSettings = {
				ASSETCATALOG_COMPILER_APPICON_NAME = AppIcon;
				CODE_SIGN_STYLE = Automatic;
				DEVELOPMENT_TEAM = U4HT32PMXG;
				INFOPLIST_FILE = Music/Info.plist;
				LD_RUNPATH_SEARCH_PATHS = (
					"$(inherited)",
					"@executable_path/Frameworks",
				);
				PRODUCT_BUNDLE_IDENTIFIER = com.andytb.Music;
				PRODUCT_NAME = "$(TARGET_NAME)";
				SWIFT_VERSION = 4.0;
				TARGETED_DEVICE_FAMILY = "1,2";
			};
			name = Release;
		};
/* End XCBuildConfiguration section */

/* Begin XCConfigurationList section */
		DF4B58D7211E21E700598461 /* Build configuration list for PBXProject "Music" */ = {
			isa = XCConfigurationList;
			buildConfigurations = (
				DF4B58EC211E21E900598461 /* Debug */,
				DF4B58ED211E21E900598461 /* Release */,
			);
			defaultConfigurationIsVisible = 0;
			defaultConfigurationName = Release;
		};
		DF4B58EE211E21E900598461 /* Build configuration list for PBXNativeTarget "Music" */ = {
			isa = XCConfigurationList;
			buildConfigurations = (
				DF4B58EF211E21E900598461 /* Debug */,
				DF4B58F0211E21E900598461 /* Release */,
			);
			defaultConfigurationIsVisible = 0;
			defaultConfigurationName = Release;
		};
/* End XCConfigurationList section */
	};
	rootObject = DF4B58D4211E21E700598461 /* Project object */;
}
